
Microsoft Visual Studio Solution File, Format Version 12.00
# Visual Studio Version 17
VisualStudioVersion = 17.1.32407.343
MinimumVisualStudioVersion = 10.0.40219.1
Project("{FAE04EC0-301F-11D3-BF4B-00C04F79EFBC}") = "Visit.API", "Visit.API\Visit.API.csproj", "{39D8745B-614E-45C7-8192-52CD2FBDCA72}"
EndProject
Project("{FAE04EC0-301F-11D3-BF4B-00C04F79EFBC}") = "Visit.Domain", "Visit.Domain\Visit.Domain.csproj", "{651C97B3-C0C2-46F4-A1CB-AA1587A9EE80}"
EndProject
Project("{FAE04EC0-301F-11D3-BF4B-00C04F79EFBC}") = "Visit.DAL", "Visit.DAL\Visit.DAL.csproj", "{51F04DA1-2CDC-4C4D-8135-DBAC2FC355E1}"
EndProject
Project("{FAE04EC0-301F-11D3-BF4B-00C04F79EFBC}") = "Visit.Domain.BL", "Visit.Domain.BL\Visit.Domain.BL.csproj", "{DB5B0DAC-AA3F-4AD3-BE58-E4B69F474FEF}"
EndProject
Project("{FAE04EC0-301F-11D3-BF4B-00C04F79EFBC}") = "Visit.Contracts", "Visit.Contracts\Visit.Contracts.csproj", "{5A9DDB63-3B1D-4138-BE82-FE796344B4E6}"
EndProject
Global
	GlobalSection(SolutionConfigurationPlatforms) = preSolution
		Debug|Any CPU = Debug|Any CPU
		Release|Any CPU = Release|Any CPU
	EndGlobalSection
	GlobalSection(ProjectConfigurationPlatforms) = postSolution
		{39D8745B-614E-45C7-8192-52CD2FBDCA72}.Debug|Any CPU.ActiveCfg = Debug|Any CPU
		{39D8745B-614E-45C7-8192-52CD2FBDCA72}.Debug|Any CPU.Build.0 = Debug|Any CPU
		{39D8745B-614E-45C7-8192-52CD2FBDCA72}.Release|Any CPU.ActiveCfg = Release|Any CPU
		{39D8745B-614E-45C7-8192-52CD2FBDCA72}.Release|Any CPU.Build.0 = Release|Any CPU
		{651C97B3-C0C2-46F4-A1CB-AA1587A9EE80}.Debug|Any CPU.ActiveCfg = Debug|Any CPU
		{651C97B3-C0C2-46F4-A1CB-AA1587A9EE80}.Debug|Any CPU.Build.0 = Debug|Any CPU
		{651C97B3-C0C2-46F4-A1CB-AA1587A9EE80}.Release|Any CPU.ActiveCfg = Release|Any CPU
		{651C97B3-C0C2-46F4-A1CB-AA1587A9EE80}.Release|Any CPU.Build.0 = Release|Any CPU
		{51F04DA1-2CDC-4C4D-8135-DBAC2FC355E1}.Debug|Any CPU.ActiveCfg = Debug|Any CPU
		{51F04DA1-2CDC-4C4D-8135-DBAC2FC355E1}.Debug|Any CPU.Build.0 = Debug|Any CPU
		{51F04DA1-2CDC-4C4D-8135-DBAC2FC355E1}.Release|Any CPU.ActiveCfg = Release|Any CPU
		{51F04DA1-2CDC-4C4D-8135-DBAC2FC355E1}.Release|Any CPU.Build.0 = Release|Any CPU
		{DB5B0DAC-AA3F-4AD3-BE58-E4B69F474FEF}.Debug|Any CPU.ActiveCfg = Debug|Any CPU
		{DB5B0DAC-AA3F-4AD3-BE58-E4B69F474FEF}.Debug|Any CPU.Build.0 = Debug|Any CPU
		{DB5B0DAC-AA3F-4AD3-BE58-E4B69F474FEF}.Release|Any CPU.ActiveCfg = Release|Any CPU
		{DB5B0DAC-AA3F-4AD3-BE58-E4B69F474FEF}.Release|Any CPU.Build.0 = Release|Any CPU
		{5A9DDB63-3B1D-4138-BE82-FE796344B4E6}.Debug|Any CPU.ActiveCfg = Debug|Any CPU
		{5A9DDB63-3B1D-4138-BE82-FE796344B4E6}.Debug|Any CPU.Build.0 = Debug|Any CPU
		{5A9DDB63-3B1D-4138-BE82-FE796344B4E6}.Release|Any CPU.ActiveCfg = Release|Any CPU
		{5A9DDB63-3B1D-4138-BE82-FE796344B4E6}.Release|Any CPU.Build.0 = Release|Any CPU
	EndGlobalSection
	GlobalSection(SolutionProperties) = preSolution
		HideSolutionNode = FALSE
	EndGlobalSection
	GlobalSection(ExtensibilityGlobals) = postSolution
		SolutionGuid = {BBBD613B-9C18-47F1-8E01-CDCC1E91CB5B}
	EndGlobalSection
EndGlobal
